// !$*UTF8*$!
{
	archiveVersion = 1;
	classes = {
	};
	objectVersion = 56;
	objects = {

/* Begin PBXBuildFile section */
		55850BF12A8CF61600A725D2 /* AppDelegate.swift in Sources */ = {isa = PBXBuildFile; fileRef = 55850BF02A8CF61600A725D2 /* AppDelegate.swift */; };
		55850BF32A8CF61600A725D2 /* SceneDelegate.swift in Sources */ = {isa = PBXBuildFile; fileRef = 55850BF22A8CF61600A725D2 /* SceneDelegate.swift */; };
		55850BFB2A8CF61600A725D2 /* MedBook.xcdatamodeld in Sources */ = {isa = PBXBuildFile; fileRef = 55850BF92A8CF61600A725D2 /* MedBook.xcdatamodeld */; };
		55850BFD2A8CF61700A725D2 /* Assets.xcassets in Resources */ = {isa = PBXBuildFile; fileRef = 55850BFC2A8CF61700A725D2 /* Assets.xcassets */; };
		55850C002A8CF61700A725D2 /* LaunchScreen.storyboard in Resources */ = {isa = PBXBuildFile; fileRef = 55850BFE2A8CF61700A725D2 /* LaunchScreen.storyboard */; };
		55850C0F2A8D403B00A725D2 /* Degular-Bold.ttf in Resources */ = {isa = PBXBuildFile; fileRef = 55850C0E2A8D403B00A725D2 /* Degular-Bold.ttf */; };
		55850C132A8D405700A725D2 /* Degular-Medium.ttf in Resources */ = {isa = PBXBuildFile; fileRef = 55850C102A8D405700A725D2 /* Degular-Medium.ttf */; };
		55850C142A8D405700A725D2 /* Degular-Regular.ttf in Resources */ = {isa = PBXBuildFile; fileRef = 55850C112A8D405700A725D2 /* Degular-Regular.ttf */; };
		55850C152A8D405700A725D2 /* Degular-Semibold.ttf in Resources */ = {isa = PBXBuildFile; fileRef = 55850C122A8D405700A725D2 /* Degular-Semibold.ttf */; };
		55850C1E2A8D452A00A725D2 /* LandingPageViewModel.swift in Sources */ = {isa = PBXBuildFile; fileRef = 55850C1D2A8D452A00A725D2 /* LandingPageViewModel.swift */; };
		55850C202A8D453900A725D2 /* LandingPageViewController.swift in Sources */ = {isa = PBXBuildFile; fileRef = 55850C1F2A8D453900A725D2 /* LandingPageViewController.swift */; };
		55850C222A8D463900A725D2 /* UIView + Extension.swift in Sources */ = {isa = PBXBuildFile; fileRef = 55850C212A8D463900A725D2 /* UIView + Extension.swift */; };
/* End PBXBuildFile section */

/* Begin PBXFileReference section */
		55850BED2A8CF61600A725D2 /* MedBook.app */ = {isa = PBXFileReference; explicitFileType = wrapper.application; includeInIndex = 0; path = MedBook.app; sourceTree = BUILT_PRODUCTS_DIR; };
		55850BF02A8CF61600A725D2 /* AppDelegate.swift */ = {isa = PBXFileReference; lastKnownFileType = sourcecode.swift; path = AppDelegate.swift; sourceTree = "<group>"; };
		55850BF22A8CF61600A725D2 /* SceneDelegate.swift */ = {isa = PBXFileReference; lastKnownFileType = sourcecode.swift; path = SceneDelegate.swift; sourceTree = "<group>"; };
		55850BFA2A8CF61600A725D2 /* MedBook.xcdatamodel */ = {isa = PBXFileReference; lastKnownFileType = wrapper.xcdatamodel; path = MedBook.xcdatamodel; sourceTree = "<group>"; };
		55850BFC2A8CF61700A725D2 /* Assets.xcassets */ = {isa = PBXFileReference; lastKnownFileType = folder.assetcatalog; path = Assets.xcassets; sourceTree = "<group>"; };
		55850BFF2A8CF61700A725D2 /* Base */ = {isa = PBXFileReference; lastKnownFileType = file.storyboard; name = Base; path = Base.lproj/LaunchScreen.storyboard; sourceTree = "<group>"; };
		55850C012A8CF61700A725D2 /* Info.plist */ = {isa = PBXFileReference; lastKnownFileType = text.plist.xml; path = Info.plist; sourceTree = "<group>"; };
		55850C0E2A8D403B00A725D2 /* Degular-Bold.ttf */ = {isa = PBXFileReference; lastKnownFileType = file; path = "Degular-Bold.ttf"; sourceTree = "<group>"; };
		55850C102A8D405700A725D2 /* Degular-Medium.ttf */ = {isa = PBXFileReference; lastKnownFileType = file; path = "Degular-Medium.ttf"; sourceTree = "<group>"; };
		55850C112A8D405700A725D2 /* Degular-Regular.ttf */ = {isa = PBXFileReference; lastKnownFileType = file; path = "Degular-Regular.ttf"; sourceTree = "<group>"; };
		55850C122A8D405700A725D2 /* Degular-Semibold.ttf */ = {isa = PBXFileReference; lastKnownFileType = file; path = "Degular-Semibold.ttf"; sourceTree = "<group>"; };
		55850C1D2A8D452A00A725D2 /* LandingPageViewModel.swift */ = {isa = PBXFileReference; lastKnownFileType = sourcecode.swift; path = LandingPageViewModel.swift; sourceTree = "<group>"; };
		55850C1F2A8D453900A725D2 /* LandingPageViewController.swift */ = {isa = PBXFileReference; lastKnownFileType = sourcecode.swift; path = LandingPageViewController.swift; sourceTree = "<group>"; };
		55850C212A8D463900A725D2 /* UIView + Extension.swift */ = {isa = PBXFileReference; lastKnownFileType = sourcecode.swift; path = "UIView + Extension.swift"; sourceTree = "<group>"; };
/* End PBXFileReference section */

/* Begin PBXFrameworksBuildPhase section */
		55850BEA2A8CF61600A725D2 /* Frameworks */ = {
			isa = PBXFrameworksBuildPhase;
			buildActionMask = 2147483647;
			files = (
			);
			runOnlyForDeploymentPostprocessing = 0;
		};
/* End PBXFrameworksBuildPhase section */

/* Begin PBXGroup section */
		55850BE42A8CF61600A725D2 = {
			isa = PBXGroup;
			children = (
				55850BEF2A8CF61600A725D2 /* MedBook */,
				55850BEE2A8CF61600A725D2 /* Products */,
			);
			sourceTree = "<group>";
		};
		55850BEE2A8CF61600A725D2 /* Products */ = {
			isa = PBXGroup;
			children = (
				55850BED2A8CF61600A725D2 /* MedBook.app */,
			);
			name = Products;
			sourceTree = "<group>";
		};
		55850BEF2A8CF61600A725D2 /* MedBook */ = {
			isa = PBXGroup;
			children = (
				55850C072A8CF65300A725D2 /* Application */,
				55850C082A8D363E00A725D2 /* Coordinator */,
				55850C092A8D364B00A725D2 /* Constants */,
				55850C0B2A8D36BA00A725D2 /* Extensions */,
				55850C0C2A8D36CB00A725D2 /* Helper */,
				55850C0A2A8D365B00A725D2 /* Screens */,
				55850C0D2A8D36DF00A725D2 /* Resources */,
				55850BFE2A8CF61700A725D2 /* LaunchScreen.storyboard */,
				55850C012A8CF61700A725D2 /* Info.plist */,
				55850BF92A8CF61600A725D2 /* MedBook.xcdatamodeld */,
			);
			path = MedBook;
			sourceTree = "<group>";
		};
		55850C072A8CF65300A725D2 /* Application */ = {
			isa = PBXGroup;
			children = (
				55850BF02A8CF61600A725D2 /* AppDelegate.swift */,
				55850BF22A8CF61600A725D2 /* SceneDelegate.swift */,
			);
			path = Application;
			sourceTree = "<group>";
		};
		55850C082A8D363E00A725D2 /* Coordinator */ = {
			isa = PBXGroup;
			children = (
			);
			path = Coordinator;
			sourceTree = "<group>";
		};
		55850C092A8D364B00A725D2 /* Constants */ = {
			isa = PBXGroup;
			children = (
			);
			path = Constants;
			sourceTree = "<group>";
		};
		55850C0A2A8D365B00A725D2 /* Screens */ = {
			isa = PBXGroup;
			children = (
				55850C172A8D412200A725D2 /* LandingPage */,
				55850C182A8D414F00A725D2 /* SignupPage */,
				55850C192A8D415800A725D2 /* LoginPage */,
				55850C1A2A8D416800A725D2 /* HomePage */,
			);
			path = Screens;
			sourceTree = "<group>";
		};
		55850C0B2A8D36BA00A725D2 /* Extensions */ = {
			isa = PBXGroup;
			children = (
				55850C212A8D463900A725D2 /* UIView + Extension.swift */,
			);
			path = Extensions;
			sourceTree = "<group>";
		};
		55850C0C2A8D36CB00A725D2 /* Helper */ = {
			isa = PBXGroup;
			children = (
			);
			path = Helper;
			sourceTree = "<group>";
		};
		55850C0D2A8D36DF00A725D2 /* Resources */ = {
			isa = PBXGroup;
			children = (
				55850BFC2A8CF61700A725D2 /* Assets.xcassets */,
				55850C162A8D406200A725D2 /* Degular-Font */,
			);
			path = Resources;
			sourceTree = "<group>";
		};
		55850C162A8D406200A725D2 /* Degular-Font */ = {
			isa = PBXGroup;
			children = (
				55850C102A8D405700A725D2 /* Degular-Medium.ttf */,
				55850C112A8D405700A725D2 /* Degular-Regular.ttf */,
				55850C122A8D405700A725D2 /* Degular-Semibold.ttf */,
				55850C0E2A8D403B00A725D2 /* Degular-Bold.ttf */,
			);
			path = "Degular-Font";
			sourceTree = "<group>";
		};
		55850C172A8D412200A725D2 /* LandingPage */ = {
			isa = PBXGroup;
			children = (
				55850C1B2A8D450A00A725D2 /* View */,
				55850C1C2A8D451300A725D2 /* ViewModel */,
			);
			path = LandingPage;
			sourceTree = "<group>";
		};
		55850C182A8D414F00A725D2 /* SignupPage */ = {
			isa = PBXGroup;
			children = (
			);
			path = SignupPage;
			sourceTree = "<group>";
		};
		55850C192A8D415800A725D2 /* LoginPage */ = {
			isa = PBXGroup;
			children = (
			);
			name = LoginPage;
			sourceTree = "<group>";
		};
		55850C1A2A8D416800A725D2 /* HomePage */ = {
			isa = PBXGroup;
			children = (
			);
			path = HomePage;
			sourceTree = "<group>";
		};
		55850C1B2A8D450A00A725D2 /* View */ = {
			isa = PBXGroup;
			children = (
				55850C1F2A8D453900A725D2 /* LandingPageViewController.swift */,
			);
			path = View;
			sourceTree = "<group>";
		};
		55850C1C2A8D451300A725D2 /* ViewModel */ = {
			isa = PBXGroup;
			children = (
				55850C1D2A8D452A00A725D2 /* LandingPageViewModel.swift */,
			);
			path = ViewModel;
			sourceTree = "<group>";
		};
/* End PBXGroup section */

/* Begin PBXNativeTarget section */
		55850BEC2A8CF61600A725D2 /* MedBook */ = {
			isa = PBXNativeTarget;
			buildConfigurationList = 55850C042A8CF61700A725D2 /* Build configuration list for PBXNativeTarget "MedBook" */;
			buildPhases = (
				55850BE92A8CF61600A725D2 /* Sources */,
				55850BEA2A8CF61600A725D2 /* Frameworks */,
				55850BEB2A8CF61600A725D2 /* Resources */,
			);
			buildRules = (
			);
			dependencies = (
			);
			name = MedBook;
			productName = MedBook;
			productReference = 55850BED2A8CF61600A725D2 /* MedBook.app */;
			productType = "com.apple.product-type.application";
		};
/* End PBXNativeTarget section */

/* Begin PBXProject section */
		55850BE52A8CF61600A725D2 /* Project object */ = {
			isa = PBXProject;
			attributes = {
				BuildIndependentTargetsInParallel = 1;
				LastSwiftUpdateCheck = 1410;
				LastUpgradeCheck = 1410;
				TargetAttributes = {
					55850BEC2A8CF61600A725D2 = {
						CreatedOnToolsVersion = 14.1;
					};
				};
			};
			buildConfigurationList = 55850BE82A8CF61600A725D2 /* Build configuration list for PBXProject "MedBook" */;
			compatibilityVersion = "Xcode 14.0";
			developmentRegion = en;
			hasScannedForEncodings = 0;
			knownRegions = (
				en,
				Base,
			);
			mainGroup = 55850BE42A8CF61600A725D2;
			productRefGroup = 55850BEE2A8CF61600A725D2 /* Products */;
			projectDirPath = "";
			projectRoot = "";
			targets = (
				55850BEC2A8CF61600A725D2 /* MedBook */,
			);
		};
/* End PBXProject section */

/* Begin PBXResourcesBuildPhase section */
		55850BEB2A8CF61600A725D2 /* Resources */ = {
			isa = PBXResourcesBuildPhase;
			buildActionMask = 2147483647;
			files = (
				55850C152A8D405700A725D2 /* Degular-Semibold.ttf in Resources */,
				55850C132A8D405700A725D2 /* Degular-Medium.ttf in Resources */,
				55850C142A8D405700A725D2 /* Degular-Regular.ttf in Resources */,
				55850C0F2A8D403B00A725D2 /* Degular-Bold.ttf in Resources */,
				55850C002A8CF61700A725D2 /* LaunchScreen.storyboard in Resources */,
				55850BFD2A8CF61700A725D2 /* Assets.xcassets in Resources */,
			);
			runOnlyForDeploymentPostprocessing = 0;
		};
/* End PBXResourcesBuildPhase section */

/* Begin PBXSourcesBuildPhase section */
		55850BE92A8CF61600A725D2 /* Sources */ = {
			isa = PBXSourcesBuildPhase;
			buildActionMask = 2147483647;
			files = (
				55850C222A8D463900A725D2 /* UIView + Extension.swift in Sources */,
				55850C202A8D453900A725D2 /* LandingPageViewController.swift in Sources */,
				55850BFB2A8CF61600A725D2 /* MedBook.xcdatamodeld in Sources */,
				55850BF12A8CF61600A725D2 /* AppDelegate.swift in Sources */,
				55850BF32A8CF61600A725D2 /* SceneDelegate.swift in Sources */,
				55850C1E2A8D452A00A725D2 /* LandingPageViewModel.swift in Sources */,
			);
			runOnlyForDeploymentPostprocessing = 0;
		};
/* End PBXSourcesBuildPhase section */

/* Begin PBXVariantGroup section */
		55850BFE2A8CF61700A725D2 /* LaunchScreen.storyboard */ = {
			isa = PBXVariantGroup;
			children = (
				55850BFF2A8CF61700A725D2 /* Base */,
			);
			name = LaunchScreen.storyboard;
			sourceTree = "<group>";
		};
/* End PBXVariantGroup section */

/* Begin XCBuildConfiguration section */
		55850C022A8CF61700A725D2 /* Debug */ = {
			isa = XCBuildConfiguration;
			buildSettings = {
				ALWAYS_SEARCH_USER_PATHS = NO;
				CLANG_ANALYZER_NONNULL = YES;
				CLANG_ANALYZER_NUMBER_OBJECT_CONVERSION = YES_AGGRESSIVE;
				CLANG_CXX_LANGUAGE_STANDARD = "gnu++20";
				CLANG_ENABLE_MODULES = YES;
				CLANG_ENABLE_OBJC_ARC = YES;
				CLANG_ENABLE_OBJC_WEAK = YES;
				CLANG_WARN_BLOCK_CAPTURE_AUTORELEASING = YES;
				CLANG_WARN_BOOL_CONVERSION = YES;
				CLANG_WARN_COMMA = YES;
				CLANG_WARN_CONSTANT_CONVERSION = YES;
				CLANG_WARN_DEPRECATED_OBJC_IMPLEMENTATIONS = YES;
				CLANG_WARN_DIRECT_OBJC_ISA_USAGE = YES_ERROR;
				CLANG_WARN_DOCUMENTATION_COMMENTS = YES;
				CLANG_WARN_EMPTY_BODY = YES;
				CLANG_WARN_ENUM_CONVERSION = YES;
				CLANG_WARN_INFINITE_RECURSION = YES;
				CLANG_WARN_INT_CONVERSION = YES;
				CLANG_WARN_NON_LITERAL_NULL_CONVERSION = YES;
				CLANG_WARN_OBJC_IMPLICIT_RETAIN_SELF = YES;
				CLANG_WARN_OBJC_LITERAL_CONVERSION = YES;
				CLANG_WARN_OBJC_ROOT_CLASS = YES_ERROR;
				CLANG_WARN_QUOTED_INCLUDE_IN_FRAMEWORK_HEADER = YES;
				CLANG_WARN_RANGE_LOOP_ANALYSIS = YES;
				CLANG_WARN_STRICT_PROTOTYPES = YES;
				CLANG_WARN_SUSPICIOUS_MOVE = YES;
				CLANG_WARN_UNGUARDED_AVAILABILITY = YES_AGGRESSIVE;
				CLANG_WARN_UNREACHABLE_CODE = YES;
				CLANG_WARN__DUPLICATE_METHOD_MATCH = YES;
				COPY_PHASE_STRIP = NO;
				DEBUG_INFORMATION_FORMAT = dwarf;
				ENABLE_STRICT_OBJC_MSGSEND = YES;
				ENABLE_TESTABILITY = YES;
				GCC_C_LANGUAGE_STANDARD = gnu11;
				GCC_DYNAMIC_NO_PIC = NO;
				GCC_NO_COMMON_BLOCKS = YES;
				GCC_OPTIMIZATION_LEVEL = 0;
				GCC_PREPROCESSOR_DEFINITIONS = (
					"DEBUG=1",
					"$(inherited)",
				);
				GCC_WARN_64_TO_32_BIT_CONVERSION = YES;
				GCC_WARN_ABOUT_RETURN_TYPE = YES_ERROR;
				GCC_WARN_UNDECLARED_SELECTOR = YES;
				GCC_WARN_UNINITIALIZED_AUTOS = YES_AGGRESSIVE;
				GCC_WARN_UNUSED_FUNCTION = YES;
				GCC_WARN_UNUSED_VARIABLE = YES;
				IPHONEOS_DEPLOYMENT_TARGET = 16.1;
				MTL_ENABLE_DEBUG_INFO = INCLUDE_SOURCE;
				MTL_FAST_MATH = YES;
				ONLY_ACTIVE_ARCH = YES;
				SDKROOT = iphoneos;
				SWIFT_ACTIVE_COMPILATION_CONDITIONS = DEBUG;
				SWIFT_OPTIMIZATION_LEVEL = "-Onone";
			};
			name = Debug;
		};
		55850C032A8CF61700A725D2 /* Release */ = {
			isa = XCBuildConfiguration;
			buildSettings = {
				ALWAYS_SEARCH_USER_PATHS = NO;
				CLANG_ANALYZER_NONNULL = YES;
				CLANG_ANALYZER_NUMBER_OBJECT_CONVERSION = YES_AGGRESSIVE;
				CLANG_CXX_LANGUAGE_STANDARD = "gnu++20";
				CLANG_ENABLE_MODULES = YES;
				CLANG_ENABLE_OBJC_ARC = YES;
				CLANG_ENABLE_OBJC_WEAK = YES;
				CLANG_WARN_BLOCK_CAPTURE_AUTORELEASING = YES;
				CLANG_WARN_BOOL_CONVERSION = YES;
				CLANG_WARN_COMMA = YES;
				CLANG_WARN_CONSTANT_CONVERSION = YES;
				CLANG_WARN_DEPRECATED_OBJC_IMPLEMENTATIONS = YES;
				CLANG_WARN_DIRECT_OBJC_ISA_USAGE = YES_ERROR;
				CLANG_WARN_DOCUMENTATION_COMMENTS = YES;
				CLANG_WARN_EMPTY_BODY = YES;
				CLANG_WARN_ENUM_CONVERSION = YES;
				CLANG_WARN_INFINITE_RECURSION = YES;
				CLANG_WARN_INT_CONVERSION = YES;
				CLANG_WARN_NON_LITERAL_NULL_CONVERSION = YES;
				CLANG_WARN_OBJC_IMPLICIT_RETAIN_SELF = YES;
				CLANG_WARN_OBJC_LITERAL_CONVERSION = YES;
				CLANG_WARN_OBJC_ROOT_CLASS = YES_ERROR;
				CLANG_WARN_QUOTED_INCLUDE_IN_FRAMEWORK_HEADER = YES;
				CLANG_WARN_RANGE_LOOP_ANALYSIS = YES;
				CLANG_WARN_STRICT_PROTOTYPES = YES;
				CLANG_WARN_SUSPICIOUS_MOVE = YES;
				CLANG_WARN_UNGUARDED_AVAILABILITY = YES_AGGRESSIVE;
				CLANG_WARN_UNREACHABLE_CODE = YES;
				CLANG_WARN__DUPLICATE_METHOD_MATCH = YES;
				COPY_PHASE_STRIP = NO;
				DEBUG_INFORMATION_FORMAT = "dwarf-with-dsym";
				ENABLE_NS_ASSERTIONS = NO;
				ENABLE_STRICT_OBJC_MSGSEND = YES;
				GCC_C_LANGUAGE_STANDARD = gnu11;
				GCC_NO_COMMON_BLOCKS = YES;
				GCC_WARN_64_TO_32_BIT_CONVERSION = YES;
				GCC_WARN_ABOUT_RETURN_TYPE = YES_ERROR;
				GCC_WARN_UNDECLARED_SELECTOR = YES;
				GCC_WARN_UNINITIALIZED_AUTOS = YES_AGGRESSIVE;
				GCC_WARN_UNUSED_FUNCTION = YES;
				GCC_WARN_UNUSED_VARIABLE = YES;
				IPHONEOS_DEPLOYMENT_TARGET = 16.1;
				MTL_ENABLE_DEBUG_INFO = NO;
				MTL_FAST_MATH = YES;
				SDKROOT = iphoneos;
				SWIFT_COMPILATION_MODE = wholemodule;
				SWIFT_OPTIMIZATION_LEVEL = "-O";
				VALIDATE_PRODUCT = YES;
			};
			name = Release;
		};
		55850C052A8CF61700A725D2 /* Debug */ = {
			isa = XCBuildConfiguration;
			buildSettings = {
				ASSETCATALOG_COMPILER_APPICON_NAME = AppIcon;
				ASSETCATALOG_COMPILER_GLOBAL_ACCENT_COLOR_NAME = AccentColor;
				CODE_SIGN_STYLE = Automatic;
				CURRENT_PROJECT_VERSION = 1;
				DEVELOPMENT_TEAM = 6765H7YALU;
				GENERATE_INFOPLIST_FILE = YES;
				INFOPLIST_FILE = MedBook/Info.plist;
				INFOPLIST_KEY_UIApplicationSupportsIndirectInputEvents = YES;
				INFOPLIST_KEY_UILaunchStoryboardName = LaunchScreen.storyboard;
				INFOPLIST_KEY_UISupportedInterfaceOrientations_iPad = "UIInterfaceOrientationPortrait UIInterfaceOrientationPortraitUpsideDown UIInterfaceOrientationLandscapeLeft UIInterfaceOrientationLandscapeRight";
				INFOPLIST_KEY_UISupportedInterfaceOrientations_iPhone = "UIInterfaceOrientationPortrait UIInterfaceOrientationLandscapeLeft UIInterfaceOrientationLandscapeRight";
				LD_RUNPATH_SEARCH_PATHS = (
					"$(inherited)",
					"@executable_path/Frameworks",
				);
				MARKETING_VERSION = 1.0;
				PRODUCT_BUNDLE_IDENTIFIER = gokulbvb.MedBook;
				PRODUCT_NAME = "$(TARGET_NAME)";
				SWIFT_EMIT_LOC_STRINGS = YES;
				SWIFT_VERSION = 5.0;
				TARGETED_DEVICE_FAMILY = "1,2";
			};
			name = Debug;
		};
		55850C062A8CF61700A725D2 /* Release */ = {
			isa = XCBuildConfiguration;
			buildSettings = {
				ASSETCATALOG_COMPILER_APPICON_NAME = AppIcon;
				ASSETCATALOG_COMPILER_GLOBAL_ACCENT_COLOR_NAME = AccentColor;
				CODE_SIGN_STYLE = Automatic;
				CURRENT_PROJECT_VERSION = 1;
				DEVELOPMENT_TEAM = 6765H7YALU;
				GENERATE_INFOPLIST_FILE = YES;
				INFOPLIST_FILE = MedBook/Info.plist;
				INFOPLIST_KEY_UIApplicationSupportsIndirectInputEvents = YES;
				INFOPLIST_KEY_UILaunchStoryboardName = LaunchScreen.storyboard;
				INFOPLIST_KEY_UISupportedInterfaceOrientations_iPad = "UIInterfaceOrientationPortrait UIInterfaceOrientationPortraitUpsideDown UIInterfaceOrientationLandscapeLeft UIInterfaceOrientationLandscapeRight";
				INFOPLIST_KEY_UISupportedInterfaceOrientations_iPhone = "UIInterfaceOrientationPortrait UIInterfaceOrientationLandscapeLeft UIInterfaceOrientationLandscapeRight";
				LD_RUNPATH_SEARCH_PATHS = (
					"$(inherited)",
					"@executable_path/Frameworks",
				);
				MARKETING_VERSION = 1.0;
				PRODUCT_BUNDLE_IDENTIFIER = gokulbvb.MedBook;
				PRODUCT_NAME = "$(TARGET_NAME)";
				SWIFT_EMIT_LOC_STRINGS = YES;
				SWIFT_VERSION = 5.0;
				TARGETED_DEVICE_FAMILY = "1,2";
			};
			name = Release;
		};
/* End XCBuildConfiguration section */

/* Begin XCConfigurationList section */
		55850BE82A8CF61600A725D2 /* Build configuration list for PBXProject "MedBook" */ = {
			isa = XCConfigurationList;
			buildConfigurations = (
				55850C022A8CF61700A725D2 /* Debug */,
				55850C032A8CF61700A725D2 /* Release */,
			);
			defaultConfigurationIsVisible = 0;
			defaultConfigurationName = Release;
		};
		55850C042A8CF61700A725D2 /* Build configuration list for PBXNativeTarget "MedBook" */ = {
			isa = XCConfigurationList;
			buildConfigurations = (
				55850C052A8CF61700A725D2 /* Debug */,
				55850C062A8CF61700A725D2 /* Release */,
			);
			defaultConfigurationIsVisible = 0;
			defaultConfigurationName = Release;
		};
/* End XCConfigurationList section */

/* Begin XCVersionGroup section */
		55850BF92A8CF61600A725D2 /* MedBook.xcdatamodeld */ = {
			isa = XCVersionGroup;
			children = (
				55850BFA2A8CF61600A725D2 /* MedBook.xcdatamodel */,
			);
			currentVersion = 55850BFA2A8CF61600A725D2 /* MedBook.xcdatamodel */;
			path = MedBook.xcdatamodeld;
			sourceTree = "<group>";
			versionGroupType = wrapper.xcdatamodel;
		};
/* End XCVersionGroup section */
	};
	rootObject = 55850BE52A8CF61600A725D2 /* Project object */;
}
